
Microsoft Visual Studio Solution File, Format Version 12.00
# Visual Studio 15
VisualStudioVersion = 15.0.28307.102
MinimumVisualStudioVersion = 10.0.40219.1
Project("{FAE04EC0-301F-11D3-BF4B-00C04F79EFBC}") = "TP3", "TP3\TP3.csproj", "{5D2F6144-7147-416D-9FF1-901BF95252A2}"
EndProject
Global
	GlobalSection(SolutionConfigurationPlatforms) = preSolution
		Debug|Any CPU = Debug|Any CPU
		Release|Any CPU = Release|Any CPU
	EndGlobalSection
	GlobalSection(ProjectConfigurationPlatforms) = postSolution
		{5D2F6144-7147-416D-9FF1-901BF95252A2}.Debug|Any CPU.ActiveCfg = Debug|Any CPU
		{5D2F6144-7147-416D-9FF1-901BF95252A2}.Debug|Any CPU.Build.0 = Debug|Any CPU
		{5D2F6144-7147-416D-9FF1-901BF95252A2}.Release|Any CPU.ActiveCfg = Release|Any CPU
		{5D2F6144-7147-416D-9FF1-901BF95252A2}.Release|Any CPU.Build.0 = Release|Any CPU
	EndGlobalSection
	GlobalSection(SolutionProperties) = preSolution
		HideSolutionNode = FALSE
	EndGlobalSection
	GlobalSection(ExtensibilityGlobals) = postSolution
		SolutionGuid = {DBA24A5E-901A-4055-88BA-B55FCE61C4E3}
	EndGlobalSection
EndGlobal
