
Microsoft Visual Studio Solution File, Format Version 12.00
# Visual Studio 15
VisualStudioVersion = 15.0.28307.102
MinimumVisualStudioVersion = 10.0.40219.1
Project("{FAE04EC0-301F-11D3-BF4B-00C04F79EFBC}") = "TP1-C", "TP1-C\TP1-C.csproj", "{C8F1A89B-DB41-4698-9C8F-D44B96D5CAFD}"
EndProject
Global
	GlobalSection(SolutionConfigurationPlatforms) = preSolution
		Debug|Any CPU = Debug|Any CPU
		Release|Any CPU = Release|Any CPU
	EndGlobalSection
	GlobalSection(ProjectConfigurationPlatforms) = postSolution
		{C8F1A89B-DB41-4698-9C8F-D44B96D5CAFD}.Debug|Any CPU.ActiveCfg = Debug|Any CPU
		{C8F1A89B-DB41-4698-9C8F-D44B96D5CAFD}.Debug|Any CPU.Build.0 = Debug|Any CPU
		{C8F1A89B-DB41-4698-9C8F-D44B96D5CAFD}.Release|Any CPU.ActiveCfg = Release|Any CPU
		{C8F1A89B-DB41-4698-9C8F-D44B96D5CAFD}.Release|Any CPU.Build.0 = Release|Any CPU
	EndGlobalSection
	GlobalSection(SolutionProperties) = preSolution
		HideSolutionNode = FALSE
	EndGlobalSection
	GlobalSection(ExtensibilityGlobals) = postSolution
		SolutionGuid = {4F581441-5208-4E45-ACF8-732161E55F03}
	EndGlobalSection
EndGlobal
